
Microsoft Visual Studio Solution File, Format Version 11.00
# Visual Studio 2010
Project("{FAE04EC0-301F-11D3-BF4B-00C04F79EFBC}") = "NKnockoutUI", "NKnockoutUI.csproj", "{80FC1887-D8BB-4CF2-8595-14786F19AE8A}"
EndProject
Global
	GlobalSection(SolutionConfigurationPlatforms) = preSolution
		Debug|Any CPU = Debug|Any CPU
		Release|Any CPU = Release|Any CPU
	EndGlobalSection
	GlobalSection(ProjectConfigurationPlatforms) = postSolution
		{80FC1887-D8BB-4CF2-8595-14786F19AE8A}.Debug|Any CPU.ActiveCfg = Debug|Any CPU
		{80FC1887-D8BB-4CF2-8595-14786F19AE8A}.Debug|Any CPU.Build.0 = Debug|Any CPU
		{80FC1887-D8BB-4CF2-8595-14786F19AE8A}.Release|Any CPU.ActiveCfg = Release|Any CPU
		{80FC1887-D8BB-4CF2-8595-14786F19AE8A}.Release|Any CPU.Build.0 = Release|Any CPU
	EndGlobalSection
	GlobalSection(SolutionProperties) = preSolution
		HideSolutionNode = FALSE
	EndGlobalSection
EndGlobal
